
Microsoft Visual Studio Solution File, Format Version 12.00
# Visual Studio 15
VisualStudioVersion = 15.0.28307.645
MinimumVisualStudioVersion = 10.0.40219.1
Project("{DA7A21FA-8162-4350-AD77-A8D1B671F3ED}") = "DecisionAnalytics", "DecisionAnalytics.rxproj", "{23D8B11F-BAF5-4D3A-BBEB-2304EF1F791D}"
EndProject
Global
	GlobalSection(SolutionConfigurationPlatforms) = preSolution
		Debug|Any CPU = Debug|Any CPU
		Release|Any CPU = Release|Any CPU
	EndGlobalSection
	GlobalSection(ProjectConfigurationPlatforms) = postSolution
		{23D8B11F-BAF5-4D3A-BBEB-2304EF1F791D}.Debug|Any CPU.ActiveCfg = Debug|Any CPU
		{23D8B11F-BAF5-4D3A-BBEB-2304EF1F791D}.Debug|Any CPU.Build.0 = Debug|Any CPU
		{23D8B11F-BAF5-4D3A-BBEB-2304EF1F791D}.Release|Any CPU.ActiveCfg = Release|Any CPU
		{23D8B11F-BAF5-4D3A-BBEB-2304EF1F791D}.Release|Any CPU.Build.0 = Release|Any CPU
	EndGlobalSection
	GlobalSection(SolutionProperties) = preSolution
		HideSolutionNode = FALSE
	EndGlobalSection
	GlobalSection(ExtensibilityGlobals) = postSolution
		SolutionGuid = {1931006F-54D1-4D6E-B171-7B3294CC3A2C}
	EndGlobalSection
EndGlobal
